
Microsoft Visual Studio Solution File, Format Version 12.00
# Visual Studio Version 16
VisualStudioVersion = 16.0.30002.166
MinimumVisualStudioVersion = 10.0.40219.1
Project("{FAE04EC0-301F-11D3-BF4B-00C04F79EFBC}") = "BaiDaiSoHuuHan", "BaiDaiSoHuuHan\BaiDaiSoHuuHan.csproj", "{13D299E2-4499-4567-A2CB-61E9E4B8B84E}"
EndProject
Global
	GlobalSection(SolutionConfigurationPlatforms) = preSolution
		Debug|Any CPU = Debug|Any CPU
		Release|Any CPU = Release|Any CPU
	EndGlobalSection
	GlobalSection(ProjectConfigurationPlatforms) = postSolution
		{13D299E2-4499-4567-A2CB-61E9E4B8B84E}.Debug|Any CPU.ActiveCfg = Debug|Any CPU
		{13D299E2-4499-4567-A2CB-61E9E4B8B84E}.Debug|Any CPU.Build.0 = Debug|Any CPU
		{13D299E2-4499-4567-A2CB-61E9E4B8B84E}.Release|Any CPU.ActiveCfg = Release|Any CPU
		{13D299E2-4499-4567-A2CB-61E9E4B8B84E}.Release|Any CPU.Build.0 = Release|Any CPU
	EndGlobalSection
	GlobalSection(SolutionProperties) = preSolution
		HideSolutionNode = FALSE
	EndGlobalSection
	GlobalSection(ExtensibilityGlobals) = postSolution
		SolutionGuid = {1B74C707-A7B4-454B-BC6C-91E6BAFFCE13}
	EndGlobalSection
EndGlobal
